
Microsoft Visual Studio Solution File, Format Version 12.00
# Visual Studio Version 16
VisualStudioVersion = 16.0.30114.105
MinimumVisualStudioVersion = 10.0.40219.1
Project("{FAE04EC0-301F-11D3-BF4B-00C04F79EFBC}") = "DSCC_CW_MVC_5758", "DSCC_CW_MVC_5758\DSCC_CW_MVC_5758.csproj", "{FAA8757C-7DBD-42E5-BBCD-85C80EF17CE3}"
EndProject
Global
	GlobalSection(SolutionConfigurationPlatforms) = preSolution
		Debug|Any CPU = Debug|Any CPU
		Release|Any CPU = Release|Any CPU
	EndGlobalSection
	GlobalSection(ProjectConfigurationPlatforms) = postSolution
		{FAA8757C-7DBD-42E5-BBCD-85C80EF17CE3}.Debug|Any CPU.ActiveCfg = Debug|Any CPU
		{FAA8757C-7DBD-42E5-BBCD-85C80EF17CE3}.Debug|Any CPU.Build.0 = Debug|Any CPU
		{FAA8757C-7DBD-42E5-BBCD-85C80EF17CE3}.Release|Any CPU.ActiveCfg = Release|Any CPU
		{FAA8757C-7DBD-42E5-BBCD-85C80EF17CE3}.Release|Any CPU.Build.0 = Release|Any CPU
	EndGlobalSection
	GlobalSection(SolutionProperties) = preSolution
		HideSolutionNode = FALSE
	EndGlobalSection
	GlobalSection(ExtensibilityGlobals) = postSolution
		SolutionGuid = {52433578-63D2-40A6-81D1-F176E40762F0}
	EndGlobalSection
EndGlobal
